// !$*UTF8*$!
{
	archiveVersion = 1;
	classes = {
	};
	objectVersion = 56;
	objects = {

/* Begin PBXBuildFile section */
		368E78732AD9A5EA00FF31DC /* PersonalToDoList2App.swift in Sources */ = {isa = PBXBuildFile; fileRef = 368E78722AD9A5EA00FF31DC /* PersonalToDoList2App.swift */; };
		368E78752AD9A5EA00FF31DC /* MainView.swift in Sources */ = {isa = PBXBuildFile; fileRef = 368E78742AD9A5EA00FF31DC /* MainView.swift */; };
		368E78772AD9A5EB00FF31DC /* Assets.xcassets in Resources */ = {isa = PBXBuildFile; fileRef = 368E78762AD9A5EB00FF31DC /* Assets.xcassets */; };
		368E787A2AD9A5EB00FF31DC /* Preview Assets.xcassets in Resources */ = {isa = PBXBuildFile; fileRef = 368E78792AD9A5EB00FF31DC /* Preview Assets.xcassets */; };
		368E78842AD9A93300FF31DC /* NoItemsView.swift in Sources */ = {isa = PBXBuildFile; fileRef = 368E78832AD9A93300FF31DC /* NoItemsView.swift */; };
		368E78862AD9AB1A00FF31DC /* AddItemsView.swift in Sources */ = {isa = PBXBuildFile; fileRef = 368E78852AD9AB1A00FF31DC /* AddItemsView.swift */; };
		368E78882AD9AFFF00FF31DC /* ListRowView.swift in Sources */ = {isa = PBXBuildFile; fileRef = 368E78872AD9AFFF00FF31DC /* ListRowView.swift */; };
		368E788A2AD9B47800FF31DC /* SettingsView.swift in Sources */ = {isa = PBXBuildFile; fileRef = 368E78892AD9B47800FF31DC /* SettingsView.swift */; };
/* End PBXBuildFile section */

/* Begin PBXFileReference section */
		368E786F2AD9A5EA00FF31DC /* PersonalToDoList2.app */ = {isa = PBXFileReference; explicitFileType = wrapper.application; includeInIndex = 0; path = PersonalToDoList2.app; sourceTree = BUILT_PRODUCTS_DIR; };
		368E78722AD9A5EA00FF31DC /* PersonalToDoList2App.swift */ = {isa = PBXFileReference; lastKnownFileType = sourcecode.swift; path = PersonalToDoList2App.swift; sourceTree = "<group>"; };
		368E78742AD9A5EA00FF31DC /* MainView.swift */ = {isa = PBXFileReference; lastKnownFileType = sourcecode.swift; path = MainView.swift; sourceTree = "<group>"; };
		368E78762AD9A5EB00FF31DC /* Assets.xcassets */ = {isa = PBXFileReference; lastKnownFileType = folder.assetcatalog; path = Assets.xcassets; sourceTree = "<group>"; };
		368E78792AD9A5EB00FF31DC /* Preview Assets.xcassets */ = {isa = PBXFileReference; lastKnownFileType = folder.assetcatalog; path = "Preview Assets.xcassets"; sourceTree = "<group>"; };
		368E78832AD9A93300FF31DC /* NoItemsView.swift */ = {isa = PBXFileReference; lastKnownFileType = sourcecode.swift; path = NoItemsView.swift; sourceTree = "<group>"; };
		368E78852AD9AB1A00FF31DC /* AddItemsView.swift */ = {isa = PBXFileReference; lastKnownFileType = sourcecode.swift; path = AddItemsView.swift; sourceTree = "<group>"; };
		368E78872AD9AFFF00FF31DC /* ListRowView.swift */ = {isa = PBXFileReference; lastKnownFileType = sourcecode.swift; path = ListRowView.swift; sourceTree = "<group>"; };
		368E78892AD9B47800FF31DC /* SettingsView.swift */ = {isa = PBXFileReference; lastKnownFileType = sourcecode.swift; path = SettingsView.swift; sourceTree = "<group>"; };
/* End PBXFileReference section */

/* Begin PBXFrameworksBuildPhase section */
		368E786C2AD9A5EA00FF31DC /* Frameworks */ = {
			isa = PBXFrameworksBuildPhase;
			buildActionMask = 2147483647;
			files = (
			);
			runOnlyForDeploymentPostprocessing = 0;
		};
/* End PBXFrameworksBuildPhase section */

/* Begin PBXGroup section */
		368E78662AD9A5EA00FF31DC = {
			isa = PBXGroup;
			children = (
				368E78712AD9A5EA00FF31DC /* PersonalToDoList2 */,
				368E78702AD9A5EA00FF31DC /* Products */,
			);
			sourceTree = "<group>";
		};
		368E78702AD9A5EA00FF31DC /* Products */ = {
			isa = PBXGroup;
			children = (
				368E786F2AD9A5EA00FF31DC /* PersonalToDoList2.app */,
			);
			name = Products;
			sourceTree = "<group>";
		};
		368E78712AD9A5EA00FF31DC /* PersonalToDoList2 */ = {
			isa = PBXGroup;
			children = (
				368E78722AD9A5EA00FF31DC /* PersonalToDoList2App.swift */,
				368E78762AD9A5EB00FF31DC /* Assets.xcassets */,
				368E78782AD9A5EB00FF31DC /* Preview Content */,
				368E78812AD9A90900FF31DC /* Models */,
				368E78822AD9A90F00FF31DC /* ViewModels */,
				368E78802AD9A90400FF31DC /* Views */,
			);
			path = PersonalToDoList2;
			sourceTree = "<group>";
		};
		368E78782AD9A5EB00FF31DC /* Preview Content */ = {
			isa = PBXGroup;
			children = (
				368E78792AD9A5EB00FF31DC /* Preview Assets.xcassets */,
			);
			path = "Preview Content";
			sourceTree = "<group>";
		};
		368E78802AD9A90400FF31DC /* Views */ = {
			isa = PBXGroup;
			children = (
				368E78742AD9A5EA00FF31DC /* MainView.swift */,
				368E78852AD9AB1A00FF31DC /* AddItemsView.swift */,
				368E78872AD9AFFF00FF31DC /* ListRowView.swift */,
				368E78832AD9A93300FF31DC /* NoItemsView.swift */,
				368E78892AD9B47800FF31DC /* SettingsView.swift */,
			);
			path = Views;
			sourceTree = "<group>";
		};
		368E78812AD9A90900FF31DC /* Models */ = {
			isa = PBXGroup;
			children = (
			);
			path = Models;
			sourceTree = "<group>";
		};
		368E78822AD9A90F00FF31DC /* ViewModels */ = {
			isa = PBXGroup;
			children = (
			);
			path = ViewModels;
			sourceTree = "<group>";
		};
/* End PBXGroup section */

/* Begin PBXNativeTarget section */
		368E786E2AD9A5EA00FF31DC /* PersonalToDoList2 */ = {
			isa = PBXNativeTarget;
			buildConfigurationList = 368E787D2AD9A5EB00FF31DC /* Build configuration list for PBXNativeTarget "PersonalToDoList2" */;
			buildPhases = (
				368E786B2AD9A5EA00FF31DC /* Sources */,
				368E786C2AD9A5EA00FF31DC /* Frameworks */,
				368E786D2AD9A5EA00FF31DC /* Resources */,
			);
			buildRules = (
			);
			dependencies = (
			);
			name = PersonalToDoList2;
			productName = PersonalToDoList2;
			productReference = 368E786F2AD9A5EA00FF31DC /* PersonalToDoList2.app */;
			productType = "com.apple.product-type.application";
		};
/* End PBXNativeTarget section */

/* Begin PBXProject section */
		368E78672AD9A5EA00FF31DC /* Project object */ = {
			isa = PBXProject;
			attributes = {
				BuildIndependentTargetsInParallel = 1;
				LastSwiftUpdateCheck = 1500;
				LastUpgradeCheck = 1500;
				TargetAttributes = {
					368E786E2AD9A5EA00FF31DC = {
						CreatedOnToolsVersion = 15.0;
					};
				};
			};
			buildConfigurationList = 368E786A2AD9A5EA00FF31DC /* Build configuration list for PBXProject "PersonalToDoList2" */;
			compatibilityVersion = "Xcode 14.0";
			developmentRegion = en;
			hasScannedForEncodings = 0;
			knownRegions = (
				en,
				Base,
			);
			mainGroup = 368E78662AD9A5EA00FF31DC;
			productRefGroup = 368E78702AD9A5EA00FF31DC /* Products */;
			projectDirPath = "";
			projectRoot = "";
			targets = (
				368E786E2AD9A5EA00FF31DC /* PersonalToDoList2 */,
			);
		};
/* End PBXProject section */

/* Begin PBXResourcesBuildPhase section */
		368E786D2AD9A5EA00FF31DC /* Resources */ = {
			isa = PBXResourcesBuildPhase;
			buildActionMask = 2147483647;
			files = (
				368E787A2AD9A5EB00FF31DC /* Preview Assets.xcassets in Resources */,
				368E78772AD9A5EB00FF31DC /* Assets.xcassets in Resources */,
			);
			runOnlyForDeploymentPostprocessing = 0;
		};
/* End PBXResourcesBuildPhase section */

/* Begin PBXSourcesBuildPhase section */
		368E786B2AD9A5EA00FF31DC /* Sources */ = {
			isa = PBXSourcesBuildPhase;
			buildActionMask = 2147483647;
			files = (
				368E78752AD9A5EA00FF31DC /* MainView.swift in Sources */,
				368E78732AD9A5EA00FF31DC /* PersonalToDoList2App.swift in Sources */,
				368E78882AD9AFFF00FF31DC /* ListRowView.swift in Sources */,
				368E788A2AD9B47800FF31DC /* SettingsView.swift in Sources */,
				368E78842AD9A93300FF31DC /* NoItemsView.swift in Sources */,
				368E78862AD9AB1A00FF31DC /* AddItemsView.swift in Sources */,
			);
			runOnlyForDeploymentPostprocessing = 0;
		};
/* End PBXSourcesBuildPhase section */

/* Begin XCBuildConfiguration section */
		368E787B2AD9A5EB00FF31DC /* Debug */ = {
			isa = XCBuildConfiguration;
			buildSettings = {
				ALWAYS_SEARCH_USER_PATHS = NO;
				ASSETCATALOG_COMPILER_GENERATE_SWIFT_ASSET_SYMBOL_EXTENSIONS = YES;
				CLANG_ANALYZER_NONNULL = YES;
				CLANG_ANALYZER_NUMBER_OBJECT_CONVERSION = YES_AGGRESSIVE;
				CLANG_CXX_LANGUAGE_STANDARD = "gnu++20";
				CLANG_ENABLE_MODULES = YES;
				CLANG_ENABLE_OBJC_ARC = YES;
				CLANG_ENABLE_OBJC_WEAK = YES;
				CLANG_WARN_BLOCK_CAPTURE_AUTORELEASING = YES;
				CLANG_WARN_BOOL_CONVERSION = YES;
				CLANG_WARN_COMMA = YES;
				CLANG_WARN_CONSTANT_CONVERSION = YES;
				CLANG_WARN_DEPRECATED_OBJC_IMPLEMENTATIONS = YES;
				CLANG_WARN_DIRECT_OBJC_ISA_USAGE = YES_ERROR;
				CLANG_WARN_DOCUMENTATION_COMMENTS = YES;
				CLANG_WARN_EMPTY_BODY = YES;
				CLANG_WARN_ENUM_CONVERSION = YES;
				CLANG_WARN_INFINITE_RECURSION = YES;
				CLANG_WARN_INT_CONVERSION = YES;
				CLANG_WARN_NON_LITERAL_NULL_CONVERSION = YES;
				CLANG_WARN_OBJC_IMPLICIT_RETAIN_SELF = YES;
				CLANG_WARN_OBJC_LITERAL_CONVERSION = YES;
				CLANG_WARN_OBJC_ROOT_CLASS = YES_ERROR;
				CLANG_WARN_QUOTED_INCLUDE_IN_FRAMEWORK_HEADER = YES;
				CLANG_WARN_RANGE_LOOP_ANALYSIS = YES;
				CLANG_WARN_STRICT_PROTOTYPES = YES;
				CLANG_WARN_SUSPICIOUS_MOVE = YES;
				CLANG_WARN_UNGUARDED_AVAILABILITY = YES_AGGRESSIVE;
				CLANG_WARN_UNREACHABLE_CODE = YES;
				CLANG_WARN__DUPLICATE_METHOD_MATCH = YES;
				COPY_PHASE_STRIP = NO;
				DEBUG_INFORMATION_FORMAT = dwarf;
				ENABLE_STRICT_OBJC_MSGSEND = YES;
				ENABLE_TESTABILITY = YES;
				ENABLE_USER_SCRIPT_SANDBOXING = YES;
				GCC_C_LANGUAGE_STANDARD = gnu17;
				GCC_DYNAMIC_NO_PIC = NO;
				GCC_NO_COMMON_BLOCKS = YES;
				GCC_OPTIMIZATION_LEVEL = 0;
				GCC_PREPROCESSOR_DEFINITIONS = (
					"DEBUG=1",
					"$(inherited)",
				);
				GCC_WARN_64_TO_32_BIT_CONVERSION = YES;
				GCC_WARN_ABOUT_RETURN_TYPE = YES_ERROR;
				GCC_WARN_UNDECLARED_SELECTOR = YES;
				GCC_WARN_UNINITIALIZED_AUTOS = YES_AGGRESSIVE;
				GCC_WARN_UNUSED_FUNCTION = YES;
				GCC_WARN_UNUSED_VARIABLE = YES;
				IPHONEOS_DEPLOYMENT_TARGET = 17.0;
				LOCALIZATION_PREFERS_STRING_CATALOGS = YES;
				MTL_ENABLE_DEBUG_INFO = INCLUDE_SOURCE;
				MTL_FAST_MATH = YES;
				ONLY_ACTIVE_ARCH = YES;
				SDKROOT = iphoneos;
				SWIFT_ACTIVE_COMPILATION_CONDITIONS = "DEBUG $(inherited)";
				SWIFT_OPTIMIZATION_LEVEL = "-Onone";
			};
			name = Debug;
		};
		368E787C2AD9A5EB00FF31DC /* Release */ = {
			isa = XCBuildConfiguration;
			buildSettings = {
				ALWAYS_SEARCH_USER_PATHS = NO;
				ASSETCATALOG_COMPILER_GENERATE_SWIFT_ASSET_SYMBOL_EXTENSIONS = YES;
				CLANG_ANALYZER_NONNULL = YES;
				CLANG_ANALYZER_NUMBER_OBJECT_CONVERSION = YES_AGGRESSIVE;
				CLANG_CXX_LANGUAGE_STANDARD = "gnu++20";
				CLANG_ENABLE_MODULES = YES;
				CLANG_ENABLE_OBJC_ARC = YES;
				CLANG_ENABLE_OBJC_WEAK = YES;
				CLANG_WARN_BLOCK_CAPTURE_AUTORELEASING = YES;
				CLANG_WARN_BOOL_CONVERSION = YES;
				CLANG_WARN_COMMA = YES;
				CLANG_WARN_CONSTANT_CONVERSION = YES;
				CLANG_WARN_DEPRECATED_OBJC_IMPLEMENTATIONS = YES;
				CLANG_WARN_DIRECT_OBJC_ISA_USAGE = YES_ERROR;
				CLANG_WARN_DOCUMENTATION_COMMENTS = YES;
				CLANG_WARN_EMPTY_BODY = YES;
				CLANG_WARN_ENUM_CONVERSION = YES;
				CLANG_WARN_INFINITE_RECURSION = YES;
				CLANG_WARN_INT_CONVERSION = YES;
				CLANG_WARN_NON_LITERAL_NULL_CONVERSION = YES;
				CLANG_WARN_OBJC_IMPLICIT_RETAIN_SELF = YES;
				CLANG_WARN_OBJC_LITERAL_CONVERSION = YES;
				CLANG_WARN_OBJC_ROOT_CLASS = YES_ERROR;
				CLANG_WARN_QUOTED_INCLUDE_IN_FRAMEWORK_HEADER = YES;
				CLANG_WARN_RANGE_LOOP_ANALYSIS = YES;
				CLANG_WARN_STRICT_PROTOTYPES = YES;
				CLANG_WARN_SUSPICIOUS_MOVE = YES;
				CLANG_WARN_UNGUARDED_AVAILABILITY = YES_AGGRESSIVE;
				CLANG_WARN_UNREACHABLE_CODE = YES;
				CLANG_WARN__DUPLICATE_METHOD_MATCH = YES;
				COPY_PHASE_STRIP = NO;
				DEBUG_INFORMATION_FORMAT = "dwarf-with-dsym";
				ENABLE_NS_ASSERTIONS = NO;
				ENABLE_STRICT_OBJC_MSGSEND = YES;
				ENABLE_USER_SCRIPT_SANDBOXING = YES;
				GCC_C_LANGUAGE_STANDARD = gnu17;
				GCC_NO_COMMON_BLOCKS = YES;
				GCC_WARN_64_TO_32_BIT_CONVERSION = YES;
				GCC_WARN_ABOUT_RETURN_TYPE = YES_ERROR;
				GCC_WARN_UNDECLARED_SELECTOR = YES;
				GCC_WARN_UNINITIALIZED_AUTOS = YES_AGGRESSIVE;
				GCC_WARN_UNUSED_FUNCTION = YES;
				GCC_WARN_UNUSED_VARIABLE = YES;
				IPHONEOS_DEPLOYMENT_TARGET = 17.0;
				LOCALIZATION_PREFERS_STRING_CATALOGS = YES;
				MTL_ENABLE_DEBUG_INFO = NO;
				MTL_FAST_MATH = YES;
				SDKROOT = iphoneos;
				SWIFT_COMPILATION_MODE = wholemodule;
				VALIDATE_PRODUCT = YES;
			};
			name = Release;
		};
		368E787E2AD9A5EB00FF31DC /* Debug */ = {
			isa = XCBuildConfiguration;
			buildSettings = {
				ASSETCATALOG_COMPILER_APPICON_NAME = AppIcon;
				ASSETCATALOG_COMPILER_GLOBAL_ACCENT_COLOR_NAME = AccentColor;
				CODE_SIGN_STYLE = Automatic;
				CURRENT_PROJECT_VERSION = 1;
				DEVELOPMENT_ASSET_PATHS = "\"PersonalToDoList2/Preview Content\"";
				DEVELOPMENT_TEAM = 6TR638Q477;
				ENABLE_PREVIEWS = YES;
				GENERATE_INFOPLIST_FILE = YES;
				INFOPLIST_KEY_UIApplicationSceneManifest_Generation = YES;
				INFOPLIST_KEY_UIApplicationSupportsIndirectInputEvents = YES;
				INFOPLIST_KEY_UILaunchScreen_Generation = YES;
				INFOPLIST_KEY_UISupportedInterfaceOrientations_iPad = "UIInterfaceOrientationPortrait UIInterfaceOrientationPortraitUpsideDown UIInterfaceOrientationLandscapeLeft UIInterfaceOrientationLandscapeRight";
				INFOPLIST_KEY_UISupportedInterfaceOrientations_iPhone = "UIInterfaceOrientationPortrait UIInterfaceOrientationLandscapeLeft UIInterfaceOrientationLandscapeRight";
				LD_RUNPATH_SEARCH_PATHS = (
					"$(inherited)",
					"@executable_path/Frameworks",
				);
				MARKETING_VERSION = 1.0;
				PRODUCT_BUNDLE_IDENTIFIER = io.PersonalToDoList2;
				PRODUCT_NAME = "$(TARGET_NAME)";
				SWIFT_EMIT_LOC_STRINGS = YES;
				SWIFT_VERSION = 5.0;
				TARGETED_DEVICE_FAMILY = "1,2";
			};
			name = Debug;
		};
		368E787F2AD9A5EB00FF31DC /* Release */ = {
			isa = XCBuildConfiguration;
			buildSettings = {
				ASSETCATALOG_COMPILER_APPICON_NAME = AppIcon;
				ASSETCATALOG_COMPILER_GLOBAL_ACCENT_COLOR_NAME = AccentColor;
				CODE_SIGN_STYLE = Automatic;
				CURRENT_PROJECT_VERSION = 1;
				DEVELOPMENT_ASSET_PATHS = "\"PersonalToDoList2/Preview Content\"";
				DEVELOPMENT_TEAM = 6TR638Q477;
				ENABLE_PREVIEWS = YES;
				GENERATE_INFOPLIST_FILE = YES;
				INFOPLIST_KEY_UIApplicationSceneManifest_Generation = YES;
				INFOPLIST_KEY_UIApplicationSupportsIndirectInputEvents = YES;
				INFOPLIST_KEY_UILaunchScreen_Generation = YES;
				INFOPLIST_KEY_UISupportedInterfaceOrientations_iPad = "UIInterfaceOrientationPortrait UIInterfaceOrientationPortraitUpsideDown UIInterfaceOrientationLandscapeLeft UIInterfaceOrientationLandscapeRight";
				INFOPLIST_KEY_UISupportedInterfaceOrientations_iPhone = "UIInterfaceOrientationPortrait UIInterfaceOrientationLandscapeLeft UIInterfaceOrientationLandscapeRight";
				LD_RUNPATH_SEARCH_PATHS = (
					"$(inherited)",
					"@executable_path/Frameworks",
				);
				MARKETING_VERSION = 1.0;
				PRODUCT_BUNDLE_IDENTIFIER = io.PersonalToDoList2;
				PRODUCT_NAME = "$(TARGET_NAME)";
				SWIFT_EMIT_LOC_STRINGS = YES;
				SWIFT_VERSION = 5.0;
				TARGETED_DEVICE_FAMILY = "1,2";
			};
			name = Release;
		};
/* End XCBuildConfiguration section */

/* Begin XCConfigurationList section */
		368E786A2AD9A5EA00FF31DC /* Build configuration list for PBXProject "PersonalToDoList2" */ = {
			isa = XCConfigurationList;
			buildConfigurations = (
				368E787B2AD9A5EB00FF31DC /* Debug */,
				368E787C2AD9A5EB00FF31DC /* Release */,
			);
			defaultConfigurationIsVisible = 0;
			defaultConfigurationName = Release;
		};
		368E787D2AD9A5EB00FF31DC /* Build configuration list for PBXNativeTarget "PersonalToDoList2" */ = {
			isa = XCConfigurationList;
			buildConfigurations = (
				368E787E2AD9A5EB00FF31DC /* Debug */,
				368E787F2AD9A5EB00FF31DC /* Release */,
			);
			defaultConfigurationIsVisible = 0;
			defaultConfigurationName = Release;
		};
/* End XCConfigurationList section */
	};
	rootObject = 368E78672AD9A5EA00FF31DC /* Project object */;
}
